kernel.org/pub/linux/libs/security/libcap/cap v1.2.66 h1:3P0DgIuplTGQ4dQdbBSVN0bALFZ4KtE1PndMh1SyEIM=
kernel.org/pub/linux/libs/security/libcap/cap v1.2.66/go.mod h1:uBDKZw0kXu6ULhetpF19Z7izd74o3u0nO2dXIPQGmb0=
kernel.org/pub/linux/libs/security/libcap/psx v1.2.66 h1:ikIhPzfkSSAEwBOU+2DWhoF+xnGUhvlMTfQjBVhvzQY=
kernel.org/pub/linux/libs/security/libcap/psx v1.2.66/go.mod h1:+l6Ee2F59XiJ2I6WR5ObpC1utCQJZ/VLsEbQCD8RG24=
